{
  "nodes": {
    "nix-darwin": {
      "inputs": {
        "nixpkgs": [
          "nixpkgs"
        ]
      },
      "locked": {
        "lastModified": 1729757100,
        "narHash": "sha256-x+8uGaX66V5+fUBHY23Q/OQyibQ38nISzxgj7A7Jqds=",
        "owner": "LnL7",
        "repo": "nix-darwin",
        "rev": "04193f188e4144d7047f83ad1de81d6034d175cd",
        "type": "github"
      },
      "original": {
        "owner": "LnL7",
        "repo": "nix-darwin",
        "type": "github"
      }
    },
    "nixpkgs": {
      "locked": {
        "lastModified": 1729755165,
        "narHash": "sha256-6IpnOHWsaSSjT3yvqlrWfHW6HVCT+wOAlUpcooGJ+FQ=",
        "owner": "NixOS",
        "repo": "nixpkgs",
        "rev": "cabaf14d3e69c9921d7acedf5d7d60bb2b90be02",
        "type": "github"
      },
      "original": {
        "owner": "NixOS",
        "ref": "nixpkgs-unstable",
        "repo": "nixpkgs",
        "type": "github"
      }
    },
    "root": {
      "inputs": {
        "nix-darwin": "nix-darwin",
        "nixpkgs": "nixpkgs"
      }
    }
  },
  "root": "root",
  "version": 7
}
